{
  "name": "static",
  "lockfileVersion": 2,
  "requires": true,
  "packages": {
    "": {
      "dependencies": {
        "bootstrap-pincode-input": "^3.0.1"
      }
    },
    "node_modules/bootstrap-pincode-input": {
      "version": "3.0.1",
      "resolved": "https://registry.npmjs.org/bootstrap-pincode-input/-/bootstrap-pincode-input-3.0.1.tgz",
      "integrity": "sha512-nKyLq3AxkVvtSaKRD+KUSSZl+LXloWSYttN53vG98ZUDr2tHBlH2qTpSlnl3RkGX3sxJqD9W+dottVZwwa7ygw=="
    }
  },
  "dependencies": {
    "bootstrap-pincode-input": {
      "version": "3.0.1",
      "resolved": "https://registry.npmjs.org/bootstrap-pincode-input/-/bootstrap-pincode-input-3.0.1.tgz",
      "integrity": "sha512-nKyLq3AxkVvtSaKRD+KUSSZl+LXloWSYttN53vG98ZUDr2tHBlH2qTpSlnl3RkGX3sxJqD9W+dottVZwwa7ygw=="
    }
  }
}
