{
  "name": "static",
  "lockfileVersion": 2,
  "requires": true,
  "packages": {
    "": {
      "dependencies": {
        "bootstrap-pincode-input": "^3.0.1",
        "devbridge-autocomplete": "^1.4.11"
      }
    },
    "node_modules/@types/jquery": {
      "version": "2.0.60",
      "resolved": "https://registry.npmjs.org/@types/jquery/-/jquery-2.0.60.tgz",
      "integrity": "sha512-izi6OBEVrAwaHiqWITjOPBbVtcKZKAXTocJqPZsAKA2lvmbpFEyPSAxgcqmisbiMYj9EvrooUEPLHQeQqVMWAg=="
    },
    "node_modules/bootstrap-pincode-input": {
      "version": "3.0.1",
      "resolved": "https://registry.npmjs.org/bootstrap-pincode-input/-/bootstrap-pincode-input-3.0.1.tgz",
      "integrity": "sha512-nKyLq3AxkVvtSaKRD+KUSSZl+LXloWSYttN53vG98ZUDr2tHBlH2qTpSlnl3RkGX3sxJqD9W+dottVZwwa7ygw=="
    },
    "node_modules/devbridge-autocomplete": {
      "version": "1.4.11",
      "resolved": "https://registry.npmjs.org/devbridge-autocomplete/-/devbridge-autocomplete-1.4.11.tgz",
      "integrity": "sha512-lRU1y9IKyPm45NKDMcujszJoftw+wqxKbtcNJoMx+LywJQJdDwjg/s4lwLYR4vyQQ6VTcUaIeveLMkZTqorBIA==",
      "dependencies": {
        "@types/jquery": "^2.0.32",
        "jquery": ">=1.7"
      }
    },
    "node_modules/jquery": {
      "version": "3.6.0",
      "resolved": "https://registry.npmjs.org/jquery/-/jquery-3.6.0.tgz",
      "integrity": "sha512-JVzAR/AjBvVt2BmYhxRCSYysDsPcssdmTFnzyLEts9qNwmjmu4JTAMYubEfwVOSwpQ1I1sKKFcxhZCI2buerfw=="
    }
  },
  "dependencies": {
    "@types/jquery": {
      "version": "2.0.60",
      "resolved": "https://registry.npmjs.org/@types/jquery/-/jquery-2.0.60.tgz",
      "integrity": "sha512-izi6OBEVrAwaHiqWITjOPBbVtcKZKAXTocJqPZsAKA2lvmbpFEyPSAxgcqmisbiMYj9EvrooUEPLHQeQqVMWAg=="
    },
    "bootstrap-pincode-input": {
      "version": "3.0.1",
      "resolved": "https://registry.npmjs.org/bootstrap-pincode-input/-/bootstrap-pincode-input-3.0.1.tgz",
      "integrity": "sha512-nKyLq3AxkVvtSaKRD+KUSSZl+LXloWSYttN53vG98ZUDr2tHBlH2qTpSlnl3RkGX3sxJqD9W+dottVZwwa7ygw=="
    },
    "devbridge-autocomplete": {
      "version": "1.4.11",
      "resolved": "https://registry.npmjs.org/devbridge-autocomplete/-/devbridge-autocomplete-1.4.11.tgz",
      "integrity": "sha512-lRU1y9IKyPm45NKDMcujszJoftw+wqxKbtcNJoMx+LywJQJdDwjg/s4lwLYR4vyQQ6VTcUaIeveLMkZTqorBIA==",
      "requires": {
        "@types/jquery": "^2.0.32",
        "jquery": ">=1.7"
      }
    },
    "jquery": {
      "version": "3.6.0",
      "resolved": "https://registry.npmjs.org/jquery/-/jquery-3.6.0.tgz",
      "integrity": "sha512-JVzAR/AjBvVt2BmYhxRCSYysDsPcssdmTFnzyLEts9qNwmjmu4JTAMYubEfwVOSwpQ1I1sKKFcxhZCI2buerfw=="
    }
  }
}
